
Microsoft Visual Studio Solution File, Format Version 12.00
# Visual Studio 15
VisualStudioVersion = 15.0.26403.7
MinimumVisualStudioVersion = 10.0.40219.1
Project("{FAE04EC0-301F-11D3-BF4B-00C04F79EFBC}") = "CodeWarsSolutions", "CodeWarsSolutions\CodeWarsSolutions.csproj", "{6BA39509-D24C-4D1C-9F01-DFFBA6BE1118}"
EndProject
Project("{FAE04EC0-301F-11D3-BF4B-00C04F79EFBC}") = "CCMask", "CCMask\CCMask.csproj", "{452F6D8A-8694-4786-B29D-A075B12FC615}"
EndProject
Project("{FAE04EC0-301F-11D3-BF4B-00C04F79EFBC}") = "DoIGetABonus", "DoIGetABonus\DoIGetABonus.csproj", "{BB452FEB-CB8F-499D-9C81-0ACBEC2B62CD}"
EndProject
Global
	GlobalSection(SolutionConfigurationPlatforms) = preSolution
		Debug|Any CPU = Debug|Any CPU
		Release|Any CPU = Release|Any CPU
	EndGlobalSection
	GlobalSection(ProjectConfigurationPlatforms) = postSolution
		{6BA39509-D24C-4D1C-9F01-DFFBA6BE1118}.Debug|Any CPU.ActiveCfg = Debug|Any CPU
		{6BA39509-D24C-4D1C-9F01-DFFBA6BE1118}.Debug|Any CPU.Build.0 = Debug|Any CPU
		{6BA39509-D24C-4D1C-9F01-DFFBA6BE1118}.Release|Any CPU.ActiveCfg = Release|Any CPU
		{6BA39509-D24C-4D1C-9F01-DFFBA6BE1118}.Release|Any CPU.Build.0 = Release|Any CPU
		{452F6D8A-8694-4786-B29D-A075B12FC615}.Debug|Any CPU.ActiveCfg = Debug|Any CPU
		{452F6D8A-8694-4786-B29D-A075B12FC615}.Debug|Any CPU.Build.0 = Debug|Any CPU
		{452F6D8A-8694-4786-B29D-A075B12FC615}.Release|Any CPU.ActiveCfg = Release|Any CPU
		{452F6D8A-8694-4786-B29D-A075B12FC615}.Release|Any CPU.Build.0 = Release|Any CPU
		{BB452FEB-CB8F-499D-9C81-0ACBEC2B62CD}.Debug|Any CPU.ActiveCfg = Debug|Any CPU
		{BB452FEB-CB8F-499D-9C81-0ACBEC2B62CD}.Debug|Any CPU.Build.0 = Debug|Any CPU
		{BB452FEB-CB8F-499D-9C81-0ACBEC2B62CD}.Release|Any CPU.ActiveCfg = Release|Any CPU
		{BB452FEB-CB8F-499D-9C81-0ACBEC2B62CD}.Release|Any CPU.Build.0 = Release|Any CPU
	EndGlobalSection
	GlobalSection(SolutionProperties) = preSolution
		HideSolutionNode = FALSE
	EndGlobalSection
EndGlobal
